# This file is automatically @generated by Poetry 1.7.0 and should not be changed by hand.

[[package]]
name = "absl-py"
version = "2.0.0"
description = "Abseil Python Common Libraries, see https://github.com/abseil/abseil-py."
optional = false
python-versions = ">=3.7"
files = [
    {file = "absl-py-2.0.0.tar.gz", hash = "sha256:d9690211c5fcfefcdd1a45470ac2b5c5acd45241c3af71eed96bc5441746c0d5"},
    {file = "absl_py-2.0.0-py3-none-any.whl", hash = "sha256:9a28abb62774ae4e8edbe2dd4c49ffcd45a6a848952a5eccc6a49f3f0fc1e2f3"},
]

[[package]]
name = "cloudpickle"
version = "3.0.0"
description = "Pickler class to extend the standard pickle.Pickler functionality"
optional = false
python-versions = ">=3.8"
files = [
    {file = "cloudpickle-3.0.0-py3-none-any.whl", hash = "sha256:246ee7d0c295602a036e86369c77fecda4ab17b506496730f2f576d9016fd9c7"},
    {file = "cloudpickle-3.0.0.tar.gz", hash = "sha256:996d9a482c6fb4f33c1a35335cf8afd065d2a56e973270364840712d9131a882"},
]

[[package]]
name = "decorator"
version = "5.1.1"
description = "Decorators for Humans"
optional = false
python-versions = ">=3.5"
files = [
    {file = "decorator-5.1.1-py3-none-any.whl", hash = "sha256:b8c3f85900b9dc423225913c5aace94729fe1fa9763b38939a95226f02d37186"},
    {file = "decorator-5.1.1.tar.gz", hash = "sha256:637996211036b6385ef91435e4fae22989472f9d571faba8927ba8253acbc330"},
]

[[package]]
name = "dm-tree"
version = "0.1.8"
description = "Tree is a library for working with nested data structures."
optional = false
python-versions = "*"
files = [
    {file = "dm-tree-0.1.8.tar.gz", hash = "sha256:0fcaabbb14e7980377439e7140bd05552739ca5e515ecb3119f234acee4b9430"},
    {file = "dm_tree-0.1.8-cp310-cp310-macosx_10_9_universal2.whl", hash = "sha256:35cc164a79336bfcfafb47e5f297898359123bbd3330c1967f0c4994f9cf9f60"},
    {file = "dm_tree-0.1.8-cp310-cp310-macosx_10_9_x86_64.whl", hash = "sha256:39070ba268c0491af9fe7a58644d99e8b4f2cde6e5884ba3380bddc84ed43d5f"},
    {file = "dm_tree-0.1.8-cp310-cp310-macosx_11_0_arm64.whl", hash = "sha256:2869228d9c619074de501a3c10dc7f07c75422f8fab36ecdcb859b6f1b1ec3ef"},
    {file = "dm_tree-0.1.8-cp310-cp310-manylinux_2_17_aarch64.manylinux2014_aarch64.whl", hash = "sha256:d20f2faa3672b52e5013f4077117bfb99c4cfc0b445d3bde1584c34032b57436"},
    {file = "dm_tree-0.1.8-cp310-cp310-manylinux_2_17_i686.manylinux2014_i686.whl", hash = "sha256:5483dca4d7eb1a0d65fe86d3b6a53ae717face83c1f17e0887b1a4a64ae5c410"},
    {file = "dm_tree-0.1.8-cp310-cp310-manylinux_2_17_s390x.manylinux2014_s390x.whl", hash = "sha256:1d7c26e431fc93cc7e0cba867eb000db6a05f6f2b25af11ac4e9dada88fc5bca"},
    {file = "dm_tree-0.1.8-cp310-cp310-manylinux_2_17_x86_64.manylinux2014_x86_64.whl", hash = "sha256:e4d714371bb08839e4e5e29024fc95832d9affe129825ef38836b143028bd144"},
    {file = "dm_tree-0.1.8-cp310-cp310-win_amd64.whl", hash = "sha256:d40fa4106ca6edc66760246a08f500ec0c85ef55c762fb4a363f6ee739ba02ee"},
    {file = "dm_tree-0.1.8-cp311-cp311-macosx_10_9_universal2.whl", hash = "sha256:ad16ceba90a56ec47cf45b21856d14962ac314787975ef786efb5e6e9ca75ec7"},
    {file = "dm_tree-0.1.8-cp311-cp311-macosx_10_9_x86_64.whl", hash = "sha256:803bfc53b4659f447ac694dbd04235f94a73ef7c1fd1e0df7c84ac41e0bc963b"},
    {file = "dm_tree-0.1.8-cp311-cp311-macosx_11_0_arm64.whl", hash = "sha256:378cc8ad93c5fe3590f405a309980721f021c790ca1bdf9b15bb1d59daec57f5"},
    {file = "dm_tree-0.1.8-cp311-cp311-manylinux_2_17_aarch64.manylinux2014_aarch64.whl", hash = "sha256:1607ce49aa42f010d1e5e616d92ce899d66835d4d8bea49679582435285515de"},
    {file = "dm_tree-0.1.8-cp311-cp311-manylinux_2_17_i686.manylinux2014_i686.whl", hash = "sha256:343a4a4ebaa127451ff971254a4be4084eb4bdc0b2513c32b46f6f728fd03f9e"},
    {file = "dm_tree-0.1.8-cp311-cp311-manylinux_2_17_s390x.manylinux2014_s390x.whl", hash = "sha256:fa42a605d099ee7d41ba2b5fb75e21423951fd26e5d50583a00471238fb3021d"},
    {file = "dm_tree-0.1.8-cp311-cp311-manylinux_2_17_x86_64.manylinux2014_x86_64.whl", hash = "sha256:83b7764de0d855338abefc6e3ee9fe40d301668310aa3baea3f778ff051f4393"},
    {file = "dm_tree-0.1.8-cp311-cp311-win_amd64.whl", hash = "sha256:a5d819c38c03f0bb5b3b3703c60e4b170355a0fc6b5819325bf3d4ceb3ae7e80"},
    {file = "dm_tree-0.1.8-cp37-cp37m-macosx_10_9_x86_64.whl", hash = "sha256:8c60a7eadab64c2278861f56bca320b2720f163dca9d7558103c3b77f2416571"},
    {file = "dm_tree-0.1.8-cp37-cp37m-manylinux_2_17_aarch64.manylinux2014_aarch64.whl", hash = "sha256:af4b3d372f2477dcd89a6e717e4a575ca35ccc20cc4454a8a4b6f8838a00672d"},
    {file = "dm_tree-0.1.8-cp37-cp37m-manylinux_2_17_i686.manylinux2014_i686.whl", hash = "sha256:de287fabc464b8734be251e46e06aa9aa1001f34198da2b6ce07bd197172b9cb"},
    {file = "dm_tree-0.1.8-cp37-cp37m-manylinux_2_17_s390x.manylinux2014_s390x.whl", hash = "sha256:054b461f8176f4bce7a21f7b1870f873a1ced3bdbe1282c816c550bb43c71fa6"},
    {file = "dm_tree-0.1.8-cp37-cp37m-manylinux_2_17_x86_64.manylinux2014_x86_64.whl", hash = "sha256:2f7915660f59c09068e428613c480150180df1060561fd0d1470684ae7007bd1"},
    {file = "dm_tree-0.1.8-cp37-cp37m-win_amd64.whl", hash = "sha256:b9f89a454e98806b44fe9d40ec9eee61f848388f7e79ac2371a55679bd5a3ac6"},
    {file = "dm_tree-0.1.8-cp38-cp38-macosx_10_9_universal2.whl", hash = "sha256:0e9620ccf06393eb6b613b5e366469304622d4ea96ae6540b28a33840e6c89cf"},
    {file = "dm_tree-0.1.8-cp38-cp38-macosx_10_9_x86_64.whl", hash = "sha256:b095ba4f8ca1ba19350fd53cf1f8f3eb0bd406aa28af64a6dfc86707b32a810a"},
    {file = "dm_tree-0.1.8-cp38-cp38-macosx_11_0_arm64.whl", hash = "sha256:b9bd9b9ccb59409d33d51d84b7668010c04c2af7d4a371632874c1ca356cff3d"},
    {file = "dm_tree-0.1.8-cp38-cp38-manylinux_2_17_aarch64.manylinux2014_aarch64.whl", hash = "sha256:0d3172394079a86c3a759179c65f64c48d1a42b89495fcf38976d11cc3bb952c"},
    {file = "dm_tree-0.1.8-cp38-cp38-manylinux_2_17_i686.manylinux2014_i686.whl", hash = "sha256:d1612fcaecd79023dbc6a6ae48d51a80beb5c385d6f3f6d71688e57bc8d07de8"},
    {file = "dm_tree-0.1.8-cp38-cp38-manylinux_2_17_s390x.manylinux2014_s390x.whl", hash = "sha256:c5c8c12e3fda754ef6af94161bacdaeda816d941995fac415d6855c6c386af68"},
    {file = "dm_tree-0.1.8-cp38-cp38-manylinux_2_17_x86_64.manylinux2014_x86_64.whl", hash = "sha256:694c3654cfd2a81552c08ec66bb5c4a3d48fa292b9a181880fb081c36c5b9134"},
    {file = "dm_tree-0.1.8-cp38-cp38-win_amd64.whl", hash = "sha256:bb2d109f42190225112da899b9f3d46d0d5f26aef501c61e43529fe9322530b5"},
    {file = "dm_tree-0.1.8-cp39-cp39-macosx_10_9_universal2.whl", hash = "sha256:d16e1f2a073604cfcc09f7131ae8d534674f43c3aef4c25742eae295bc60d04f"},
    {file = "dm_tree-0.1.8-cp39-cp39-macosx_10_9_x86_64.whl", hash = "sha256:250b692fb75f45f02e2f58fbef9ab338904ef334b90557565621fa251df267cf"},
    {file = "dm_tree-0.1.8-cp39-cp39-macosx_11_0_arm64.whl", hash = "sha256:81fce77f22a302d7a5968aebdf4efafef4def7ce96528719a354e6990dcd49c7"},
    {file = "dm_tree-0.1.8-cp39-cp39-manylinux_2_17_aarch64.manylinux2014_aarch64.whl", hash = "sha256:f7ac31b9aecccb2c6e1ab29706f6ded3eba0c2c69c770322c9c685929c3d6afb"},
    {file = "dm_tree-0.1.8-cp39-cp39-manylinux_2_17_i686.manylinux2014_i686.whl", hash = "sha256:1fe962015b2fe1282892b28ebe962faed53c7f98d942da9a4625cbf27baef913"},
    {file = "dm_tree-0.1.8-cp39-cp39-manylinux_2_17_s390x.manylinux2014_s390x.whl", hash = "sha256:28c52cbf4f8b3dbd0beaedf44f69fa85eec5e9dede612e08035e06ada6ec9426"},
    {file = "dm_tree-0.1.8-cp39-cp39-manylinux_2_17_x86_64.manylinux2014_x86_64.whl", hash = "sha256:181c35521d480d0365f39300542cb6cd7fd2b77351bb43d7acfda15aef63b317"},
    {file = "dm_tree-0.1.8-cp39-cp39-win_amd64.whl", hash = "sha256:8ed3564abed97c806db122c2d3e1a2b64c74a63debe9903aad795167cc301368"},
]

[[package]]
name = "gast"
version = "0.5.4"
description = "Python AST that abstracts the underlying Python version"
optional = false
python-versions = ">=2.7, !=3.0.*, !=3.1.*, !=3.2.*, !=3.3.*"
files = [
    {file = "gast-0.5.4-py3-none-any.whl", hash = "sha256:6fc4fa5fa10b72fb8aab4ae58bcb023058386e67b6fa2e3e34cec5c769360316"},
    {file = "gast-0.5.4.tar.gz", hash = "sha256:9c270fe5f4b130969b54174de7db4e764b09b4f7f67ccfc32480e29f78348d97"},
]

[[package]]
name = "gin-config"
version = "0.1.3"
description = "Gin-config: a lightweight configuration library for Python"
optional = false
python-versions = "*"
files = [
    {file = "gin-config-0.1.3.tar.gz", hash = "sha256:07843fde2917f1a44f808fceb3c0227bb02ff7c4ebba8de6642206c03e7e8ba2"},
    {file = "gin_config-0.1.3-py3-none-any.whl", hash = "sha256:3c622f73ca3474723d6a7d90078b49ca88a169ab8279f3cc7dd7b62ea17f168f"},
]

[package.dependencies]
six = ">=1.10.0"

[package.extras]
tf = ["tensorflow (>=1.6)"]

[[package]]
name = "numpy"
version = "1.22.0"
description = "NumPy is the fundamental package for array computing with Python."
optional = false
python-versions = ">=3.8"
files = [
    {file = "numpy-1.22.0-cp310-cp310-macosx_10_9_universal2.whl", hash = "sha256:3d22662b4b10112c545c91a0741f2436f8ca979ab3d69d03d19322aa970f9695"},
    {file = "numpy-1.22.0-cp310-cp310-macosx_10_9_x86_64.whl", hash = "sha256:11a1f3816ea82eed4178102c56281782690ab5993251fdfd75039aad4d20385f"},
    {file = "numpy-1.22.0-cp310-cp310-macosx_11_0_arm64.whl", hash = "sha256:5dc65644f75a4c2970f21394ad8bea1a844104f0fe01f278631be1c7eae27226"},
    {file = "numpy-1.22.0-cp310-cp310-manylinux_2_17_aarch64.manylinux2014_aarch64.whl", hash = "sha256:42c16cec1c8cf2728f1d539bd55aaa9d6bb48a7de2f41eb944697293ef65a559"},
    {file = "numpy-1.22.0-cp310-cp310-manylinux_2_17_x86_64.manylinux2014_x86_64.whl", hash = "sha256:a97e82c39d9856fe7d4f9b86d8a1e66eff99cf3a8b7ba48202f659703d27c46f"},
    {file = "numpy-1.22.0-cp310-cp310-win_amd64.whl", hash = "sha256:e41e8951749c4b5c9a2dc5fdbc1a4eec6ab2a140fdae9b460b0f557eed870f4d"},
    {file = "numpy-1.22.0-cp38-cp38-macosx_10_9_universal2.whl", hash = "sha256:bece0a4a49e60e472a6d1f70ac6cdea00f9ab80ff01132f96bd970cdd8a9e5a9"},
    {file = "numpy-1.22.0-cp38-cp38-macosx_10_9_x86_64.whl", hash = "sha256:818b9be7900e8dc23e013a92779135623476f44a0de58b40c32a15368c01d471"},
    {file = "numpy-1.22.0-cp38-cp38-macosx_11_0_arm64.whl", hash = "sha256:47ee7a839f5885bc0c63a74aabb91f6f40d7d7b639253768c4199b37aede7982"},
    {file = "numpy-1.22.0-cp38-cp38-manylinux_2_17_aarch64.manylinux2014_aarch64.whl", hash = "sha256:a024181d7aef0004d76fb3bce2a4c9f2e67a609a9e2a6ff2571d30e9976aa383"},
    {file = "numpy-1.22.0-cp38-cp38-manylinux_2_17_x86_64.manylinux2014_x86_64.whl", hash = "sha256:f71d57cc8645f14816ae249407d309be250ad8de93ef61d9709b45a0ddf4050c"},
    {file = "numpy-1.22.0-cp38-cp38-win32.whl", hash = "sha256:283d9de87c0133ef98f93dfc09fad3fb382f2a15580de75c02b5bb36a5a159a5"},
    {file = "numpy-1.22.0-cp38-cp38-win_amd64.whl", hash = "sha256:2762331de395739c91f1abb88041f94a080cb1143aeec791b3b223976228af3f"},
    {file = "numpy-1.22.0-cp39-cp39-macosx_10_9_universal2.whl", hash = "sha256:76ba7c40e80f9dc815c5e896330700fd6e20814e69da9c1267d65a4d051080f1"},
    {file = "numpy-1.22.0-cp39-cp39-macosx_10_9_x86_64.whl", hash = "sha256:0cfe07133fd00b27edee5e6385e333e9eeb010607e8a46e1cd673f05f8596595"},
    {file = "numpy-1.22.0-cp39-cp39-macosx_11_0_arm64.whl", hash = "sha256:6ed0d073a9c54ac40c41a9c2d53fcc3d4d4ed607670b9e7b0de1ba13b4cbfe6f"},
    {file = "numpy-1.22.0-cp39-cp39-manylinux_2_17_aarch64.manylinux2014_aarch64.whl", hash = "sha256:41388e32e40b41dd56eb37fcaa7488b2b47b0adf77c66154d6b89622c110dfe9"},
    {file = "numpy-1.22.0-cp39-cp39-manylinux_2_17_x86_64.manylinux2014_x86_64.whl", hash = "sha256:b55b953a1bdb465f4dc181758570d321db4ac23005f90ffd2b434cc6609a63dd"},
    {file = "numpy-1.22.0-cp39-cp39-win32.whl", hash = "sha256:5a311ee4d983c487a0ab546708edbdd759393a3dc9cd30305170149fedd23c88"},
    {file = "numpy-1.22.0-cp39-cp39-win_amd64.whl", hash = "sha256:a97a954a8c2f046d3817c2bce16e3c7e9a9c2afffaf0400f5c16df5172a67c9c"},
    {file = "numpy-1.22.0-pp38-pypy38_pp73-manylinux_2_17_x86_64.manylinux2014_x86_64.whl", hash = "sha256:bb02929b0d6bfab4c48a79bd805bd7419114606947ec8284476167415171f55b"},
    {file = "numpy-1.22.0.zip", hash = "sha256:a955e4128ac36797aaffd49ab44ec74a71c11d6938df83b1285492d277db5397"},
]

[[package]]
name = "protobuf"
version = "4.25.1"
description = ""
optional = false
python-versions = ">=3.8"
files = [
    {file = "protobuf-4.25.1-cp310-abi3-win32.whl", hash = "sha256:193f50a6ab78a970c9b4f148e7c750cfde64f59815e86f686c22e26b4fe01ce7"},
    {file = "protobuf-4.25.1-cp310-abi3-win_amd64.whl", hash = "sha256:3497c1af9f2526962f09329fd61a36566305e6c72da2590ae0d7d1322818843b"},
    {file = "protobuf-4.25.1-cp37-abi3-macosx_10_9_universal2.whl", hash = "sha256:0bf384e75b92c42830c0a679b0cd4d6e2b36ae0cf3dbb1e1dfdda48a244f4bcd"},
    {file = "protobuf-4.25.1-cp37-abi3-manylinux2014_aarch64.whl", hash = "sha256:0f881b589ff449bf0b931a711926e9ddaad3b35089cc039ce1af50b21a4ae8cb"},
    {file = "protobuf-4.25.1-cp37-abi3-manylinux2014_x86_64.whl", hash = "sha256:ca37bf6a6d0046272c152eea90d2e4ef34593aaa32e8873fc14c16440f22d4b7"},
    {file = "protobuf-4.25.1-cp38-cp38-win32.whl", hash = "sha256:abc0525ae2689a8000837729eef7883b9391cd6aa7950249dcf5a4ede230d5dd"},
    {file = "protobuf-4.25.1-cp38-cp38-win_amd64.whl", hash = "sha256:1484f9e692091450e7edf418c939e15bfc8fc68856e36ce399aed6889dae8bb0"},
    {file = "protobuf-4.25.1-cp39-cp39-win32.whl", hash = "sha256:8bdbeaddaac52d15c6dce38c71b03038ef7772b977847eb6d374fc86636fa510"},
    {file = "protobuf-4.25.1-cp39-cp39-win_amd64.whl", hash = "sha256:becc576b7e6b553d22cbdf418686ee4daa443d7217999125c045ad56322dda10"},
    {file = "protobuf-4.25.1-py3-none-any.whl", hash = "sha256:a19731d5e83ae4737bb2a089605e636077ac001d18781b3cf489b9546c7c80d6"},
    {file = "protobuf-4.25.1.tar.gz", hash = "sha256:57d65074b4f5baa4ab5da1605c02be90ac20c8b40fb137d6a8df9f416b0d0ce2"},
]

[[package]]
name = "six"
version = "1.16.0"
description = "Python 2 and 3 compatibility utilities"
optional = false
python-versions = ">=2.7, !=3.0.*, !=3.1.*, !=3.2.*"
files = [
    {file = "six-1.16.0-py2.py3-none-any.whl", hash = "sha256:8abb2f1d86890a2dfb989f9a77cfcfd3e47c2a354b01111771326f8aa26e0254"},
    {file = "six-1.16.0.tar.gz", hash = "sha256:1e61c37477a1626458e36f7b1d82aa5c9b094fa4802892072e49de9c60c4c926"},
]

[[package]]
name = "tensorflow-probability"
version = "0.23.0"
description = "Probabilistic modeling and statistical inference in TensorFlow"
optional = false
python-versions = ">=3.9"
files = [
    {file = "tensorflow_probability-0.23.0-py2.py3-none-any.whl", hash = "sha256:dda5cacfe50cb19ecd96f3ce81e6ff8680d84213bcfe94ca0aaf6e5f51c88061"},
]

[package.dependencies]
absl-py = "*"
cloudpickle = ">=1.3"
decorator = "*"
dm-tree = "*"
gast = ">=0.3.2"
numpy = ">=1.13.3"
six = ">=1.10.0"

[package.extras]
jax = ["jax", "jaxlib"]
tfds = ["tensorflow-datasets (>=2.2.0)"]

[[package]]
name = "tf-agents"
version = "0.5.0"
description = "TF-Agents: A Reinforcement Learning Library for TensorFlow"
optional = false
python-versions = ">=3"
files = [
    {file = "tf_agents-0.5.0-py3-none-any.whl", hash = "sha256:2718e0b23cb76be9fbe41a46ae6cdb4b5d73a59d0891cbf2e96bba3b32c9b5a2"},
]

[package.dependencies]
absl-py = ">=0.6.1"
gin-config = "0.1.3"
numpy = ">=1.13.3"
protobuf = ">=3.11.3"
six = ">=1.10.0"
tensorflow-probability = ">=0.9.0"

[package.extras]
tests = ["atari-py (==0.1.7)", "gym (==0.12.5)", "opencv-python (>=3.4.1.15)", "pybullet", "scipy (==1.1.0)"]

[metadata]
lock-version = "2.0"
python-versions = "^3.10"
content-hash = "cfee4115079f96402cdd6b6dd4d07e95a0f04a64ff77bb7d5db9dce7ae3792e0"
